
Microsoft Visual Studio Solution File, Format Version 12.00
# Visual Studio 15
VisualStudioVersion = 15.0.28307.168
MinimumVisualStudioVersion = 10.0.40219.1
Project("{FAE04EC0-301F-11D3-BF4B-00C04F79EFBC}") = "QuestionCreation.Web.AdminUI", "QuestionCreation.Web.AdminUI\QuestionCreation.Web.AdminUI.csproj", "{94A479F0-5A6E-4B97-9652-46C78D43CFCC}"
EndProject
Global
	GlobalSection(SolutionConfigurationPlatforms) = preSolution
		Debug|Any CPU = Debug|Any CPU
		Release|Any CPU = Release|Any CPU
	EndGlobalSection
	GlobalSection(ProjectConfigurationPlatforms) = postSolution
		{94A479F0-5A6E-4B97-9652-46C78D43CFCC}.Debug|Any CPU.ActiveCfg = Debug|Any CPU
		{94A479F0-5A6E-4B97-9652-46C78D43CFCC}.Debug|Any CPU.Build.0 = Debug|Any CPU
		{94A479F0-5A6E-4B97-9652-46C78D43CFCC}.Release|Any CPU.ActiveCfg = Release|Any CPU
		{94A479F0-5A6E-4B97-9652-46C78D43CFCC}.Release|Any CPU.Build.0 = Release|Any CPU
	EndGlobalSection
	GlobalSection(SolutionProperties) = preSolution
		HideSolutionNode = FALSE
	EndGlobalSection
	GlobalSection(ExtensibilityGlobals) = postSolution
		SolutionGuid = {032A3995-CDE4-4114-B2BF-53DBA1EA0485}
	EndGlobalSection
EndGlobal
